
Microsoft Visual Studio Solution File, Format Version 12.00
# Visual Studio 15
VisualStudioVersion = 15.0.28307.329
MinimumVisualStudioVersion = 10.0.40219.1
Project("{FAE04EC0-301F-11D3-BF4B-00C04F79EFBC}") = "MultiThreading_PI Lab", "MultiThreading_PI Lab\MultiThreading_PI Lab.csproj", "{6B2C1385-319E-46AB-B42E-CB40D92B9106}"
EndProject
Global
	GlobalSection(SolutionConfigurationPlatforms) = preSolution
		Debug|Any CPU = Debug|Any CPU
		Release|Any CPU = Release|Any CPU
	EndGlobalSection
	GlobalSection(ProjectConfigurationPlatforms) = postSolution
		{6B2C1385-319E-46AB-B42E-CB40D92B9106}.Debug|Any CPU.ActiveCfg = Debug|Any CPU
		{6B2C1385-319E-46AB-B42E-CB40D92B9106}.Debug|Any CPU.Build.0 = Debug|Any CPU
		{6B2C1385-319E-46AB-B42E-CB40D92B9106}.Release|Any CPU.ActiveCfg = Release|Any CPU
		{6B2C1385-319E-46AB-B42E-CB40D92B9106}.Release|Any CPU.Build.0 = Release|Any CPU
	EndGlobalSection
	GlobalSection(SolutionProperties) = preSolution
		HideSolutionNode = FALSE
	EndGlobalSection
	GlobalSection(ExtensibilityGlobals) = postSolution
		SolutionGuid = {3F31238E-BB16-440A-B806-6895236EB26E}
	EndGlobalSection
EndGlobal
