
Microsoft Visual Studio Solution File, Format Version 12.00
# Visual Studio Version 17
VisualStudioVersion = 17.6.33829.357
MinimumVisualStudioVersion = 10.0.40219.1
Project("{FAE04EC0-301F-11D3-BF4B-00C04F79EFBC}") = "Enigma Machine", "Enigma Machine\Enigma Machine.csproj", "{EC3A29F6-4150-451B-AA3E-B8EC9F38A892}"
EndProject
Project("{2150E333-8FDC-42A3-9474-1A3956D46DE8}") = "Solution Items", "Solution Items", "{352EBD59-FD20-4A00-8FFC-6EAE39B0A328}"
	ProjectSection(SolutionItems) = preProject
		.editorconfig = .editorconfig
	EndProjectSection
EndProject
Global
	GlobalSection(SolutionConfigurationPlatforms) = preSolution
		Debug|Any CPU = Debug|Any CPU
		Release|Any CPU = Release|Any CPU
	EndGlobalSection
	GlobalSection(ProjectConfigurationPlatforms) = postSolution
		{EC3A29F6-4150-451B-AA3E-B8EC9F38A892}.Debug|Any CPU.ActiveCfg = Debug|Any CPU
		{EC3A29F6-4150-451B-AA3E-B8EC9F38A892}.Debug|Any CPU.Build.0 = Debug|Any CPU
		{EC3A29F6-4150-451B-AA3E-B8EC9F38A892}.Release|Any CPU.ActiveCfg = Release|Any CPU
		{EC3A29F6-4150-451B-AA3E-B8EC9F38A892}.Release|Any CPU.Build.0 = Release|Any CPU
	EndGlobalSection
	GlobalSection(SolutionProperties) = preSolution
		HideSolutionNode = FALSE
	EndGlobalSection
	GlobalSection(ExtensibilityGlobals) = postSolution
		SolutionGuid = {DBB07BF8-581C-4043-9A78-749862A0B6E9}
	EndGlobalSection
EndGlobal
